
Microsoft Visual Studio Solution File, Format Version 12.00
# Visual Studio 15
VisualStudioVersion = 15.0.28307.757
MinimumVisualStudioVersion = 10.0.40219.1
Project("{159641D6-6404-4A2A-AE62-294DE0FE8301}") = "WFBDC_Cleanup", "WFBDC_Cleanup.dtproj", "{D92E4C92-D56A-4959-AAE4-7ACAF8D9AD88}"
EndProject
Global
	GlobalSection(SolutionConfigurationPlatforms) = preSolution
		Development|Default = Development|Default
	EndGlobalSection
	GlobalSection(ProjectConfigurationPlatforms) = postSolution
		{D92E4C92-D56A-4959-AAE4-7ACAF8D9AD88}.Development|Default.ActiveCfg = Development
		{D92E4C92-D56A-4959-AAE4-7ACAF8D9AD88}.Development|Default.Build.0 = Development
	EndGlobalSection
	GlobalSection(SolutionProperties) = preSolution
		HideSolutionNode = FALSE
	EndGlobalSection
	GlobalSection(ExtensibilityGlobals) = postSolution
		SolutionGuid = {0EFF538F-15C1-4DD8-A219-7C08E6ACEAFA}
	EndGlobalSection
EndGlobal
